// !$*UTF8*$!
{
	archiveVersion = 1;
	classes = {
	};
	objectVersion = 46;
	objects = {

/* Begin PBXBuildFile section */
		DA5DFD961A92602500849BA1 /* main.m in Sources */ = {isa = PBXBuildFile; fileRef = DA5DFD951A92602500849BA1 /* main.m */; };
		DA5DFD991A92602500849BA1 /* AppDelegate.m in Sources */ = {isa = PBXBuildFile; fileRef = DA5DFD981A92602500849BA1 /* AppDelegate.m */; };
		DA5DFD9C1A92602500849BA1 /* ViewController.m in Sources */ = {isa = PBXBuildFile; fileRef = DA5DFD9B1A92602500849BA1 /* ViewController.m */; };
		DA5DFD9F1A92602500849BA1 /* Main.storyboard in Resources */ = {isa = PBXBuildFile; fileRef = DA5DFD9D1A92602500849BA1 /* Main.storyboard */; };
		DA5DFDA11A92602500849BA1 /* Images.xcassets in Resources */ = {isa = PBXBuildFile; fileRef = DA5DFDA01A92602500849BA1 /* Images.xcassets */; };
		DA5DFDA41A92602500849BA1 /* LaunchScreen.xib in Resources */ = {isa = PBXBuildFile; fileRef = DA5DFDA21A92602500849BA1 /* LaunchScreen.xib */; };
		DA5DFDBB1A92624B00849BA1 /* ConnectivityManager.m in Sources */ = {isa = PBXBuildFile; fileRef = DA5DFDBA1A92624B00849BA1 /* ConnectivityManager.m */; };
		DA5DFDBD1A9264C000849BA1 /* MultipeerConnectivity.framework in Frameworks */ = {isa = PBXBuildFile; fileRef = DA5DFDBC1A9264C000849BA1 /* MultipeerConnectivity.framework */; };
		DA5DFDC01A93C4B700849BA1 /* HostViewController.m in Sources */ = {isa = PBXBuildFile; fileRef = DA5DFDBF1A93C4B700849BA1 /* HostViewController.m */; };
		DA5DFDC31A94C66500849BA1 /* PlayerManager.m in Sources */ = {isa = PBXBuildFile; fileRef = DA5DFDC21A94C66500849BA1 /* PlayerManager.m */; };
		DA5DFDC51A94C67400849BA1 /* MediaPlayer.framework in Frameworks */ = {isa = PBXBuildFile; fileRef = DA5DFDC41A94C67400849BA1 /* MediaPlayer.framework */; };
		DA5DFDCB1A95AAA200849BA1 /* PlayerViewController.m in Sources */ = {isa = PBXBuildFile; fileRef = DA5DFDCA1A95AAA200849BA1 /* PlayerViewController.m */; };
		DA5DFDCD1A95F95500849BA1 /* AVFoundation.framework in Frameworks */ = {isa = PBXBuildFile; fileRef = DA5DFDCC1A95F95500849BA1 /* AVFoundation.framework */; };
		FB181CBC1DE61590000BCFA4 /* NetworkPlayerManager.m in Sources */ = {isa = PBXBuildFile; fileRef = FB181CBB1DE61590000BCFA4 /* NetworkPlayerManager.m */; };
		FB2745271E53746B001CE6F3 /* UIImage+Gradient.m in Sources */ = {isa = PBXBuildFile; fileRef = FB2745261E53746B001CE6F3 /* UIImage+Gradient.m */; };
		FB27452B1E5374CA001CE6F3 /* UIColor+Helpers.m in Sources */ = {isa = PBXBuildFile; fileRef = FB27452A1E5374CA001CE6F3 /* UIColor+Helpers.m */; };
		FB2745361E537DE1001CE6F3 /* SLColorArt.m in Sources */ = {isa = PBXBuildFile; fileRef = FB2745311E537DE1001CE6F3 /* SLColorArt.m */; };
		FB2745371E537DE1001CE6F3 /* UIImage+ColorArt.m in Sources */ = {isa = PBXBuildFile; fileRef = FB2745331E537DE1001CE6F3 /* UIImage+ColorArt.m */; };
		FB2745381E537DE1001CE6F3 /* UIImage+Scale.m in Sources */ = {isa = PBXBuildFile; fileRef = FB2745351E537DE1001CE6F3 /* UIImage+Scale.m */; };
		FB54F8411E5602D200188CBE /* Localizable.strings in Resources */ = {isa = PBXBuildFile; fileRef = FB54F83F1E5602D200188CBE /* Localizable.strings */; };
/* End PBXBuildFile section */

/* Begin PBXFileReference section */
		DA5DFD901A92602500849BA1 /* Airly.app */ = {isa = PBXFileReference; explicitFileType = wrapper.application; includeInIndex = 0; path = Airly.app; sourceTree = BUILT_PRODUCTS_DIR; };
		DA5DFD941A92602500849BA1 /* Info.plist */ = {isa = PBXFileReference; lastKnownFileType = text.plist.xml; path = Info.plist; sourceTree = "<group>"; };
		DA5DFD951A92602500849BA1 /* main.m */ = {isa = PBXFileReference; lastKnownFileType = sourcecode.c.objc; path = main.m; sourceTree = "<group>"; };
		DA5DFD971A92602500849BA1 /* AppDelegate.h */ = {isa = PBXFileReference; lastKnownFileType = sourcecode.c.h; path = AppDelegate.h; sourceTree = "<group>"; };
		DA5DFD981A92602500849BA1 /* AppDelegate.m */ = {isa = PBXFileReference; lastKnownFileType = sourcecode.c.objc; path = AppDelegate.m; sourceTree = "<group>"; };
		DA5DFD9A1A92602500849BA1 /* ViewController.h */ = {isa = PBXFileReference; lastKnownFileType = sourcecode.c.h; path = ViewController.h; sourceTree = "<group>"; };
		DA5DFD9B1A92602500849BA1 /* ViewController.m */ = {isa = PBXFileReference; lastKnownFileType = sourcecode.c.objc; path = ViewController.m; sourceTree = "<group>"; };
		DA5DFD9E1A92602500849BA1 /* Base */ = {isa = PBXFileReference; lastKnownFileType = file.storyboard; name = Base; path = Base.lproj/Main.storyboard; sourceTree = "<group>"; };
		DA5DFDA01A92602500849BA1 /* Images.xcassets */ = {isa = PBXFileReference; lastKnownFileType = folder.assetcatalog; path = Images.xcassets; sourceTree = "<group>"; };
		DA5DFDA31A92602500849BA1 /* Base */ = {isa = PBXFileReference; lastKnownFileType = file.xib; name = Base; path = Base.lproj/LaunchScreen.xib; sourceTree = "<group>"; };
		DA5DFDB91A92624B00849BA1 /* ConnectivityManager.h */ = {isa = PBXFileReference; fileEncoding = 4; lastKnownFileType = sourcecode.c.h; path = ConnectivityManager.h; sourceTree = "<group>"; };
		DA5DFDBA1A92624B00849BA1 /* ConnectivityManager.m */ = {isa = PBXFileReference; fileEncoding = 4; lastKnownFileType = sourcecode.c.objc; path = ConnectivityManager.m; sourceTree = "<group>"; };
		DA5DFDBC1A9264C000849BA1 /* MultipeerConnectivity.framework */ = {isa = PBXFileReference; lastKnownFileType = wrapper.framework; name = MultipeerConnectivity.framework; path = System/Library/Frameworks/MultipeerConnectivity.framework; sourceTree = SDKROOT; };
		DA5DFDBE1A93C4B700849BA1 /* HostViewController.h */ = {isa = PBXFileReference; fileEncoding = 4; lastKnownFileType = sourcecode.c.h; path = HostViewController.h; sourceTree = "<group>"; };
		DA5DFDBF1A93C4B700849BA1 /* HostViewController.m */ = {isa = PBXFileReference; fileEncoding = 4; lastKnownFileType = sourcecode.c.objc; path = HostViewController.m; sourceTree = "<group>"; };
		DA5DFDC11A94C66500849BA1 /* PlayerManager.h */ = {isa = PBXFileReference; fileEncoding = 4; lastKnownFileType = sourcecode.c.h; path = PlayerManager.h; sourceTree = "<group>"; };
		DA5DFDC21A94C66500849BA1 /* PlayerManager.m */ = {isa = PBXFileReference; fileEncoding = 4; lastKnownFileType = sourcecode.c.objc; path = PlayerManager.m; sourceTree = "<group>"; };
		DA5DFDC41A94C67400849BA1 /* MediaPlayer.framework */ = {isa = PBXFileReference; lastKnownFileType = wrapper.framework; name = MediaPlayer.framework; path = System/Library/Frameworks/MediaPlayer.framework; sourceTree = SDKROOT; };
		DA5DFDC91A95AAA200849BA1 /* PlayerViewController.h */ = {isa = PBXFileReference; fileEncoding = 4; lastKnownFileType = sourcecode.c.h; path = PlayerViewController.h; sourceTree = "<group>"; };
		DA5DFDCA1A95AAA200849BA1 /* PlayerViewController.m */ = {isa = PBXFileReference; fileEncoding = 4; lastKnownFileType = sourcecode.c.objc; path = PlayerViewController.m; sourceTree = "<group>"; };
		DA5DFDCC1A95F95500849BA1 /* AVFoundation.framework */ = {isa = PBXFileReference; lastKnownFileType = wrapper.framework; name = AVFoundation.framework; path = System/Library/Frameworks/AVFoundation.framework; sourceTree = SDKROOT; };
		FB181CBA1DE61590000BCFA4 /* NetworkPlayerManager.h */ = {isa = PBXFileReference; fileEncoding = 4; lastKnownFileType = sourcecode.c.h; path = NetworkPlayerManager.h; sourceTree = "<group>"; };
		FB181CBB1DE61590000BCFA4 /* NetworkPlayerManager.m */ = {isa = PBXFileReference; fileEncoding = 4; lastKnownFileType = sourcecode.c.objc; path = NetworkPlayerManager.m; sourceTree = "<group>"; };
		FB2745251E53746B001CE6F3 /* UIImage+Gradient.h */ = {isa = PBXFileReference; fileEncoding = 4; lastKnownFileType = sourcecode.c.h; path = "UIImage+Gradient.h"; sourceTree = "<group>"; };
		FB2745261E53746B001CE6F3 /* UIImage+Gradient.m */ = {isa = PBXFileReference; fileEncoding = 4; lastKnownFileType = sourcecode.c.objc; path = "UIImage+Gradient.m"; sourceTree = "<group>"; };
		FB2745291E5374CA001CE6F3 /* UIColor+Helpers.h */ = {isa = PBXFileReference; fileEncoding = 4; lastKnownFileType = sourcecode.c.h; path = "UIColor+Helpers.h"; sourceTree = "<group>"; };
		FB27452A1E5374CA001CE6F3 /* UIColor+Helpers.m */ = {isa = PBXFileReference; fileEncoding = 4; lastKnownFileType = sourcecode.c.objc; path = "UIColor+Helpers.m"; sourceTree = "<group>"; };
		FB2745301E537DE1001CE6F3 /* SLColorArt.h */ = {isa = PBXFileReference; fileEncoding = 4; lastKnownFileType = sourcecode.c.h; path = SLColorArt.h; sourceTree = "<group>"; };
		FB2745311E537DE1001CE6F3 /* SLColorArt.m */ = {isa = PBXFileReference; fileEncoding = 4; lastKnownFileType = sourcecode.c.objc; path = SLColorArt.m; sourceTree = "<group>"; };
		FB2745321E537DE1001CE6F3 /* UIImage+ColorArt.h */ = {isa = PBXFileReference; fileEncoding = 4; lastKnownFileType = sourcecode.c.h; name = "UIImage+ColorArt.h"; path = "ColorArt/UIImage+ColorArt.h"; sourceTree = "<group>"; };
		FB2745331E537DE1001CE6F3 /* UIImage+ColorArt.m */ = {isa = PBXFileReference; fileEncoding = 4; lastKnownFileType = sourcecode.c.objc; name = "UIImage+ColorArt.m"; path = "ColorArt/UIImage+ColorArt.m"; sourceTree = "<group>"; };
		FB2745341E537DE1001CE6F3 /* UIImage+Scale.h */ = {isa = PBXFileReference; fileEncoding = 4; lastKnownFileType = sourcecode.c.h; name = "UIImage+Scale.h"; path = "ColorArt/UIImage+Scale.h"; sourceTree = "<group>"; };
		FB2745351E537DE1001CE6F3 /* UIImage+Scale.m */ = {isa = PBXFileReference; fileEncoding = 4; lastKnownFileType = sourcecode.c.objc; name = "UIImage+Scale.m"; path = "ColorArt/UIImage+Scale.m"; sourceTree = "<group>"; };
		FB54F83E1E56008400188CBE /* fr */ = {isa = PBXFileReference; lastKnownFileType = text.plist.strings; name = fr; path = fr.lproj/Main.strings; sourceTree = "<group>"; };
		FB54F8401E5602D200188CBE /* fr */ = {isa = PBXFileReference; lastKnownFileType = text.plist.strings; name = fr; path = fr.lproj/Localizable.strings; sourceTree = "<group>"; };
/* End PBXFileReference section */

/* Begin PBXFrameworksBuildPhase section */
		DA5DFD8D1A92602500849BA1 /* Frameworks */ = {
			isa = PBXFrameworksBuildPhase;
			buildActionMask = 2147483647;
			files = (
				DA5DFDCD1A95F95500849BA1 /* AVFoundation.framework in Frameworks */,
				DA5DFDC51A94C67400849BA1 /* MediaPlayer.framework in Frameworks */,
				DA5DFDBD1A9264C000849BA1 /* MultipeerConnectivity.framework in Frameworks */,
			);
			runOnlyForDeploymentPostprocessing = 0;
		};
/* End PBXFrameworksBuildPhase section */

/* Begin PBXGroup section */
		DA5DFD871A92602500849BA1 = {
			isa = PBXGroup;
			children = (
				DA5DFD921A92602500849BA1 /* Airly */,
				DA5DFD911A92602500849BA1 /* Products */,
				FBC0E61B1CA02ABD004A8852 /* Frameworks */,
			);
			sourceTree = "<group>";
		};
		DA5DFD911A92602500849BA1 /* Products */ = {
			isa = PBXGroup;
			children = (
				DA5DFD901A92602500849BA1 /* Airly.app */,
			);
			name = Products;
			sourceTree = "<group>";
		};
		DA5DFD921A92602500849BA1 /* Airly */ = {
			isa = PBXGroup;
			children = (
				FB10DBE51CA9431F004EC171 /* Classes */,
				FB10DBE61CA9432E004EC171 /* Assets */,
				DA5DFD931A92602500849BA1 /* Supporting Files */,
			);
			path = Airly;
			sourceTree = "<group>";
		};
		DA5DFD931A92602500849BA1 /* Supporting Files */ = {
			isa = PBXGroup;
			children = (
				DA5DFD941A92602500849BA1 /* Info.plist */,
				DA5DFD951A92602500849BA1 /* main.m */,
				FB54F83F1E5602D200188CBE /* Localizable.strings */,
			);
			name = "Supporting Files";
			sourceTree = "<group>";
		};
		DA5DFDC61A94C68600849BA1 /* Player Manager */ = {
			isa = PBXGroup;
			children = (
				DA5DFDC11A94C66500849BA1 /* PlayerManager.h */,
				DA5DFDC21A94C66500849BA1 /* PlayerManager.m */,
			);
			name = "Player Manager";
			sourceTree = "<group>";
		};
		DA5DFDC71A94C69100849BA1 /* ConnectivityManager */ = {
			isa = PBXGroup;
			children = (
				DA5DFDB91A92624B00849BA1 /* ConnectivityManager.h */,
				DA5DFDBA1A92624B00849BA1 /* ConnectivityManager.m */,
			);
			name = ConnectivityManager;
			sourceTree = "<group>";
		};
		FB10DBE51CA9431F004EC171 /* Classes */ = {
			isa = PBXGroup;
			children = (
				FB10DBE81CA94341004EC171 /* Controllers */,
				FB27452E1E5374EB001CE6F3 /* Managers */,
				FB2745391E537E31001CE6F3 /* Classes */,
				FB27452D1E5374E2001CE6F3 /* Extensions */,
			);
			name = Classes;
			sourceTree = "<group>";
		};
		FB10DBE61CA9432E004EC171 /* Assets */ = {
			isa = PBXGroup;
			children = (
				FB10DBE71CA94337004EC171 /* Storyboards */,
				DA5DFDA01A92602500849BA1 /* Images.xcassets */,
			);
			name = Assets;
			sourceTree = "<group>";
		};
		FB10DBE71CA94337004EC171 /* Storyboards */ = {
			isa = PBXGroup;
			children = (
				DA5DFD9D1A92602500849BA1 /* Main.storyboard */,
				DA5DFDA21A92602500849BA1 /* LaunchScreen.xib */,
			);
			name = Storyboards;
			sourceTree = "<group>";
		};
		FB10DBE81CA94341004EC171 /* Controllers */ = {
			isa = PBXGroup;
			children = (
				DA5DFD971A92602500849BA1 /* AppDelegate.h */,
				DA5DFD981A92602500849BA1 /* AppDelegate.m */,
				DA5DFD9A1A92602500849BA1 /* ViewController.h */,
				DA5DFD9B1A92602500849BA1 /* ViewController.m */,
				DA5DFDBE1A93C4B700849BA1 /* HostViewController.h */,
				DA5DFDBF1A93C4B700849BA1 /* HostViewController.m */,
				DA5DFDC91A95AAA200849BA1 /* PlayerViewController.h */,
				DA5DFDCA1A95AAA200849BA1 /* PlayerViewController.m */,
			);
			name = Controllers;
			sourceTree = "<group>";
		};
		FB181CBD1DE61594000BCFA4 /* NetworkPlayerManager */ = {
			isa = PBXGroup;
			children = (
				FB181CBA1DE61590000BCFA4 /* NetworkPlayerManager.h */,
				FB181CBB1DE61590000BCFA4 /* NetworkPlayerManager.m */,
			);
			name = NetworkPlayerManager;
			sourceTree = "<group>";
		};
		FB2745281E53746F001CE6F3 /* UIImage Extensions */ = {
			isa = PBXGroup;
			children = (
				FB2745321E537DE1001CE6F3 /* UIImage+ColorArt.h */,
				FB2745331E537DE1001CE6F3 /* UIImage+ColorArt.m */,
				FB2745341E537DE1001CE6F3 /* UIImage+Scale.h */,
				FB2745351E537DE1001CE6F3 /* UIImage+Scale.m */,
				FB2745251E53746B001CE6F3 /* UIImage+Gradient.h */,
				FB2745261E53746B001CE6F3 /* UIImage+Gradient.m */,
			);
			name = "UIImage Extensions";
			sourceTree = "<group>";
		};
		FB27452C1E5374D3001CE6F3 /* UIColor Extensions */ = {
			isa = PBXGroup;
			children = (
				FB2745291E5374CA001CE6F3 /* UIColor+Helpers.h */,
				FB27452A1E5374CA001CE6F3 /* UIColor+Helpers.m */,
			);
			name = "UIColor Extensions";
			sourceTree = "<group>";
		};
		FB27452D1E5374E2001CE6F3 /* Extensions */ = {
			isa = PBXGroup;
			children = (
				FB27452C1E5374D3001CE6F3 /* UIColor Extensions */,
				FB2745281E53746F001CE6F3 /* UIImage Extensions */,
			);
			name = Extensions;
			sourceTree = "<group>";
		};
		FB27452E1E5374EB001CE6F3 /* Managers */ = {
			isa = PBXGroup;
			children = (
				DA5DFDC71A94C69100849BA1 /* ConnectivityManager */,
				DA5DFDC61A94C68600849BA1 /* Player Manager */,
				FB181CBD1DE61594000BCFA4 /* NetworkPlayerManager */,
			);
			name = Managers;
			sourceTree = "<group>";
		};
		FB27452F1E537DE1001CE6F3 /* SLColorArt */ = {
			isa = PBXGroup;
			children = (
				FB2745301E537DE1001CE6F3 /* SLColorArt.h */,
				FB2745311E537DE1001CE6F3 /* SLColorArt.m */,
			);
			name = SLColorArt;
			path = ColorArt;
			sourceTree = "<group>";
		};
		FB2745391E537E31001CE6F3 /* Classes */ = {
			isa = PBXGroup;
			children = (
				FB27452F1E537DE1001CE6F3 /* SLColorArt */,
			);
			name = Classes;
			sourceTree = "<group>";
		};
		FBC0E61B1CA02ABD004A8852 /* Frameworks */ = {
			isa = PBXGroup;
			children = (
				DA5DFDCC1A95F95500849BA1 /* AVFoundation.framework */,
				DA5DFDC41A94C67400849BA1 /* MediaPlayer.framework */,
				DA5DFDBC1A9264C000849BA1 /* MultipeerConnectivity.framework */,
			);
			name = Frameworks;
			sourceTree = "<group>";
		};
/* End PBXGroup section */

/* Begin PBXNativeTarget section */
		DA5DFD8F1A92602500849BA1 /* Airly */ = {
			isa = PBXNativeTarget;
			buildConfigurationList = DA5DFDB31A92602600849BA1 /* Build configuration list for PBXNativeTarget "Airly" */;
			buildPhases = (
				DA5DFD8C1A92602500849BA1 /* Sources */,
				DA5DFD8D1A92602500849BA1 /* Frameworks */,
				DA5DFD8E1A92602500849BA1 /* Resources */,
			);
			buildRules = (
			);
			dependencies = (
			);
			name = Airly;
			productName = Airly;
			productReference = DA5DFD901A92602500849BA1 /* Airly.app */;
			productType = "com.apple.product-type.application";
		};
/* End PBXNativeTarget section */

/* Begin PBXProject section */
		DA5DFD881A92602500849BA1 /* Project object */ = {
			isa = PBXProject;
			attributes = {
				LastUpgradeCheck = 0810;
				ORGANIZATIONNAME = "Georges Kanaan";
				TargetAttributes = {
					DA5DFD8F1A92602500849BA1 = {
						CreatedOnToolsVersion = 6.2;
						DevelopmentTeam = 7DTJP5N92F;
						SystemCapabilities = {
							com.apple.BackgroundModes = {
								enabled = 1;
							};
						};
					};
				};
			};
			buildConfigurationList = DA5DFD8B1A92602500849BA1 /* Build configuration list for PBXProject "Airly" */;
			compatibilityVersion = "Xcode 3.2";
			developmentRegion = English;
			hasScannedForEncodings = 0;
			knownRegions = (
				en,
				Base,
				fr,
			);
			mainGroup = DA5DFD871A92602500849BA1;
			productRefGroup = DA5DFD911A92602500849BA1 /* Products */;
			projectDirPath = "";
			projectRoot = "";
			targets = (
				DA5DFD8F1A92602500849BA1 /* Airly */,
			);
		};
/* End PBXProject section */

/* Begin PBXResourcesBuildPhase section */
		DA5DFD8E1A92602500849BA1 /* Resources */ = {
			isa = PBXResourcesBuildPhase;
			buildActionMask = 2147483647;
			files = (
				DA5DFD9F1A92602500849BA1 /* Main.storyboard in Resources */,
				FB54F8411E5602D200188CBE /* Localizable.strings in Resources */,
				DA5DFDA41A92602500849BA1 /* LaunchScreen.xib in Resources */,
				DA5DFDA11A92602500849BA1 /* Images.xcassets in Resources */,
			);
			runOnlyForDeploymentPostprocessing = 0;
		};
/* End PBXResourcesBuildPhase section */

/* Begin PBXSourcesBuildPhase section */
		DA5DFD8C1A92602500849BA1 /* Sources */ = {
			isa = PBXSourcesBuildPhase;
			buildActionMask = 2147483647;
			files = (
				DA5DFDCB1A95AAA200849BA1 /* PlayerViewController.m in Sources */,
				DA5DFD9C1A92602500849BA1 /* ViewController.m in Sources */,
				FB2745381E537DE1001CE6F3 /* UIImage+Scale.m in Sources */,
				DA5DFDC01A93C4B700849BA1 /* HostViewController.m in Sources */,
				FB27452B1E5374CA001CE6F3 /* UIColor+Helpers.m in Sources */,
				DA5DFDC31A94C66500849BA1 /* PlayerManager.m in Sources */,
				FB181CBC1DE61590000BCFA4 /* NetworkPlayerManager.m in Sources */,
				FB2745271E53746B001CE6F3 /* UIImage+Gradient.m in Sources */,
				FB2745371E537DE1001CE6F3 /* UIImage+ColorArt.m in Sources */,
				DA5DFD991A92602500849BA1 /* AppDelegate.m in Sources */,
				DA5DFDBB1A92624B00849BA1 /* ConnectivityManager.m in Sources */,
				FB2745361E537DE1001CE6F3 /* SLColorArt.m in Sources */,
				DA5DFD961A92602500849BA1 /* main.m in Sources */,
			);
			runOnlyForDeploymentPostprocessing = 0;
		};
/* End PBXSourcesBuildPhase section */

/* Begin PBXVariantGroup section */
		DA5DFD9D1A92602500849BA1 /* Main.storyboard */ = {
			isa = PBXVariantGroup;
			children = (
				DA5DFD9E1A92602500849BA1 /* Base */,
				FB54F83E1E56008400188CBE /* fr */,
			);
			name = Main.storyboard;
			sourceTree = "<group>";
		};
		DA5DFDA21A92602500849BA1 /* LaunchScreen.xib */ = {
			isa = PBXVariantGroup;
			children = (
				DA5DFDA31A92602500849BA1 /* Base */,
			);
			name = LaunchScreen.xib;
			sourceTree = "<group>";
		};
		FB54F83F1E5602D200188CBE /* Localizable.strings */ = {
			isa = PBXVariantGroup;
			children = (
				FB54F8401E5602D200188CBE /* fr */,
			);
			name = Localizable.strings;
			sourceTree = "<group>";
		};
/* End PBXVariantGroup section */

/* Begin XCBuildConfiguration section */
		DA5DFDB11A92602600849BA1 /* Debug */ = {
			isa = XCBuildConfiguration;
			buildSettings = {
				ALWAYS_SEARCH_USER_PATHS = NO;
				CLANG_ANALYZER_LOCALIZABILITY_NONLOCALIZED = YES;
				CLANG_CXX_LANGUAGE_STANDARD = "gnu++0x";
				CLANG_CXX_LIBRARY = "libc++";
				CLANG_ENABLE_MODULES = YES;
				CLANG_ENABLE_OBJC_ARC = YES;
				CLANG_WARN_BOOL_CONVERSION = YES;
				CLANG_WARN_CONSTANT_CONVERSION = YES;
				CLANG_WARN_DIRECT_OBJC_ISA_USAGE = YES_ERROR;
				CLANG_WARN_EMPTY_BODY = YES;
				CLANG_WARN_ENUM_CONVERSION = YES;
				CLANG_WARN_INFINITE_RECURSION = YES;
				CLANG_WARN_INT_CONVERSION = YES;
				CLANG_WARN_OBJC_ROOT_CLASS = YES_ERROR;
				CLANG_WARN_SUSPICIOUS_MOVE = YES;
				CLANG_WARN_UNREACHABLE_CODE = YES;
				CLANG_WARN__DUPLICATE_METHOD_MATCH = YES;
				"CODE_SIGN_IDENTITY[sdk=iphoneos*]" = "iPhone Developer";
				COPY_PHASE_STRIP = NO;
				ENABLE_STRICT_OBJC_MSGSEND = YES;
				ENABLE_TESTABILITY = YES;
				GCC_C_LANGUAGE_STANDARD = gnu99;
				GCC_DYNAMIC_NO_PIC = NO;
				GCC_NO_COMMON_BLOCKS = YES;
				GCC_OPTIMIZATION_LEVEL = 0;
				GCC_PREPROCESSOR_DEFINITIONS = (
					"DEBUG=1",
					"$(inherited)",
				);
				GCC_SYMBOLS_PRIVATE_EXTERN = NO;
				GCC_WARN_64_TO_32_BIT_CONVERSION = YES;
				GCC_WARN_ABOUT_RETURN_TYPE = YES_ERROR;
				GCC_WARN_UNDECLARED_SELECTOR = YES;
				GCC_WARN_UNINITIALIZED_AUTOS = YES_AGGRESSIVE;
				GCC_WARN_UNUSED_FUNCTION = YES;
				GCC_WARN_UNUSED_VARIABLE = YES;
				IPHONEOS_DEPLOYMENT_TARGET = 8.0;
				MTL_ENABLE_DEBUG_INFO = YES;
				ONLY_ACTIVE_ARCH = YES;
				SDKROOT = iphoneos;
				TARGETED_DEVICE_FAMILY = "1,2";
			};
			name = Debug;
		};
		DA5DFDB21A92602600849BA1 /* Release */ = {
			isa = XCBuildConfiguration;
			buildSettings = {
				ALWAYS_SEARCH_USER_PATHS = NO;
				CLANG_ANALYZER_LOCALIZABILITY_NONLOCALIZED = YES;
				CLANG_CXX_LANGUAGE_STANDARD = "gnu++0x";
				CLANG_CXX_LIBRARY = "libc++";
				CLANG_ENABLE_MODULES = YES;
				CLANG_ENABLE_OBJC_ARC = YES;
				CLANG_WARN_BOOL_CONVERSION = YES;
				CLANG_WARN_CONSTANT_CONVERSION = YES;
				CLANG_WARN_DIRECT_OBJC_ISA_USAGE = YES_ERROR;
				CLANG_WARN_EMPTY_BODY = YES;
				CLANG_WARN_ENUM_CONVERSION = YES;
				CLANG_WARN_INFINITE_RECURSION = YES;
				CLANG_WARN_INT_CONVERSION = YES;
				CLANG_WARN_OBJC_ROOT_CLASS = YES_ERROR;
				CLANG_WARN_SUSPICIOUS_MOVE = YES;
				CLANG_WARN_UNREACHABLE_CODE = YES;
				CLANG_WARN__DUPLICATE_METHOD_MATCH = YES;
				"CODE_SIGN_IDENTITY[sdk=iphoneos*]" = "iPhone Developer";
				COPY_PHASE_STRIP = NO;
				ENABLE_NS_ASSERTIONS = NO;
				ENABLE_STRICT_OBJC_MSGSEND = YES;
				GCC_C_LANGUAGE_STANDARD = gnu99;
				GCC_NO_COMMON_BLOCKS = YES;
				GCC_WARN_64_TO_32_BIT_CONVERSION = YES;
				GCC_WARN_ABOUT_RETURN_TYPE = YES_ERROR;
				GCC_WARN_UNDECLARED_SELECTOR = YES;
				GCC_WARN_UNINITIALIZED_AUTOS = YES_AGGRESSIVE;
				GCC_WARN_UNUSED_FUNCTION = YES;
				GCC_WARN_UNUSED_VARIABLE = YES;
				IPHONEOS_DEPLOYMENT_TARGET = 8.0;
				MTL_ENABLE_DEBUG_INFO = NO;
				SDKROOT = iphoneos;
				TARGETED_DEVICE_FAMILY = "1,2";
				VALIDATE_PRODUCT = YES;
			};
			name = Release;
		};
		DA5DFDB41A92602600849BA1 /* Debug */ = {
			isa = XCBuildConfiguration;
			buildSettings = {
				ASSETCATALOG_COMPILER_APPICON_NAME = AppIcon;
				DEVELOPMENT_TEAM = 7DTJP5N92F;
				INFOPLIST_FILE = Airly/Info.plist;
				IPHONEOS_DEPLOYMENT_TARGET = 8.0;
				LD_RUNPATH_SEARCH_PATHS = "$(inherited) @executable_path/Frameworks";
				LIBRARY_SEARCH_PATHS = (
					"$(inherited)",
					"$(PROJECT_DIR)/Airly",
				);
				PRODUCT_BUNDLE_IDENTIFIER = "com.ge0rges.$(PRODUCT_NAME:rfc1034identifier)";
				PRODUCT_NAME = "$(TARGET_NAME)";
				TARGETED_DEVICE_FAMILY = "1,2";
			};
			name = Debug;
		};
		DA5DFDB51A92602600849BA1 /* Release */ = {
			isa = XCBuildConfiguration;
			buildSettings = {
				ASSETCATALOG_COMPILER_APPICON_NAME = AppIcon;
				DEVELOPMENT_TEAM = 7DTJP5N92F;
				INFOPLIST_FILE = Airly/Info.plist;
				IPHONEOS_DEPLOYMENT_TARGET = 8.0;
				LD_RUNPATH_SEARCH_PATHS = "$(inherited) @executable_path/Frameworks";
				LIBRARY_SEARCH_PATHS = (
					"$(inherited)",
					"$(PROJECT_DIR)/Airly",
				);
				PRODUCT_BUNDLE_IDENTIFIER = "com.ge0rges.$(PRODUCT_NAME:rfc1034identifier)";
				PRODUCT_NAME = "$(TARGET_NAME)";
				TARGETED_DEVICE_FAMILY = "1,2";
			};
			name = Release;
		};
/* End XCBuildConfiguration section */

/* Begin XCConfigurationList section */
		DA5DFD8B1A92602500849BA1 /* Build configuration list for PBXProject "Airly" */ = {
			isa = XCConfigurationList;
			buildConfigurations = (
				DA5DFDB11A92602600849BA1 /* Debug */,
				DA5DFDB21A92602600849BA1 /* Release */,
			);
			defaultConfigurationIsVisible = 0;
			defaultConfigurationName = Release;
		};
		DA5DFDB31A92602600849BA1 /* Build configuration list for PBXNativeTarget "Airly" */ = {
			isa = XCConfigurationList;
			buildConfigurations = (
				DA5DFDB41A92602600849BA1 /* Debug */,
				DA5DFDB51A92602600849BA1 /* Release */,
			);
			defaultConfigurationIsVisible = 0;
			defaultConfigurationName = Release;
		};
/* End XCConfigurationList section */
	};
	rootObject = DA5DFD881A92602500849BA1 /* Project object */;
}
