// !$*UTF8*$!
{
	archiveVersion = 1;
	classes = {
	};
	objectVersion = 46;
	objects = {

/* Begin PBXBuildFile section */
		FB2F4A821EF25CBA00C9D835 /* AppDelegate.swift in Sources */ = {isa = PBXBuildFile; fileRef = FB2F4A811EF25CBA00C9D835 /* AppDelegate.swift */; };
		FB2F4A841EF25CBA00C9D835 /* ViewController.swift in Sources */ = {isa = PBXBuildFile; fileRef = FB2F4A831EF25CBA00C9D835 /* ViewController.swift */; };
		FB2F4A871EF25CBA00C9D835 /* Main.storyboard in Resources */ = {isa = PBXBuildFile; fileRef = FB2F4A851EF25CBA00C9D835 /* Main.storyboard */; };
		FB2F4A891EF25CBA00C9D835 /* Assets.xcassets in Resources */ = {isa = PBXBuildFile; fileRef = FB2F4A881EF25CBA00C9D835 /* Assets.xcassets */; };
		FB2F4A8C1EF25CBA00C9D835 /* LaunchScreen.storyboard in Resources */ = {isa = PBXBuildFile; fileRef = FB2F4A8A1EF25CBA00C9D835 /* LaunchScreen.storyboard */; };
		FB2F4A9A1EF25D1300C9D835 /* SLColorArt.m in Sources */ = {isa = PBXBuildFile; fileRef = FB2F4A951EF25D1300C9D835 /* SLColorArt.m */; };
		FB2F4A9B1EF25D1300C9D835 /* UIImage+ColorArt.m in Sources */ = {isa = PBXBuildFile; fileRef = FB2F4A971EF25D1300C9D835 /* UIImage+ColorArt.m */; };
		FB2F4A9C1EF25D1300C9D835 /* UIImage+Scale.m in Sources */ = {isa = PBXBuildFile; fileRef = FB2F4A991EF25D1300C9D835 /* UIImage+Scale.m */; };
		FBFB895B1EF2764700F7F445 /* BroadcastViewController.swift in Sources */ = {isa = PBXBuildFile; fileRef = FBFB895A1EF2764700F7F445 /* BroadcastViewController.swift */; };
		FBFB895D1EF2829B00F7F445 /* ReceiverViewController.swift in Sources */ = {isa = PBXBuildFile; fileRef = FBFB895C1EF2829B00F7F445 /* ReceiverViewController.swift */; };
		FBFB895F1EF2879A00F7F445 /* WaitingViewController.swift in Sources */ = {isa = PBXBuildFile; fileRef = FBFB895E1EF2879A00F7F445 /* WaitingViewController.swift */; };
/* End PBXBuildFile section */

/* Begin PBXFileReference section */
		FB2F4A7E1EF25CBA00C9D835 /* Airly.app */ = {isa = PBXFileReference; explicitFileType = wrapper.application; includeInIndex = 0; path = Airly.app; sourceTree = BUILT_PRODUCTS_DIR; };
		FB2F4A811EF25CBA00C9D835 /* AppDelegate.swift */ = {isa = PBXFileReference; lastKnownFileType = sourcecode.swift; path = AppDelegate.swift; sourceTree = "<group>"; };
		FB2F4A831EF25CBA00C9D835 /* ViewController.swift */ = {isa = PBXFileReference; lastKnownFileType = sourcecode.swift; path = ViewController.swift; sourceTree = "<group>"; };
		FB2F4A861EF25CBA00C9D835 /* Base */ = {isa = PBXFileReference; lastKnownFileType = file.storyboard; name = Base; path = Base.lproj/Main.storyboard; sourceTree = "<group>"; };
		FB2F4A881EF25CBA00C9D835 /* Assets.xcassets */ = {isa = PBXFileReference; lastKnownFileType = folder.assetcatalog; path = Assets.xcassets; sourceTree = "<group>"; };
		FB2F4A8B1EF25CBA00C9D835 /* Base */ = {isa = PBXFileReference; lastKnownFileType = file.storyboard; name = Base; path = Base.lproj/LaunchScreen.storyboard; sourceTree = "<group>"; };
		FB2F4A8D1EF25CBA00C9D835 /* Info.plist */ = {isa = PBXFileReference; lastKnownFileType = text.plist.xml; path = Info.plist; sourceTree = "<group>"; };
		FB2F4A941EF25D1300C9D835 /* SLColorArt.h */ = {isa = PBXFileReference; fileEncoding = 4; lastKnownFileType = sourcecode.c.h; path = SLColorArt.h; sourceTree = "<group>"; };
		FB2F4A951EF25D1300C9D835 /* SLColorArt.m */ = {isa = PBXFileReference; fileEncoding = 4; lastKnownFileType = sourcecode.c.objc; path = SLColorArt.m; sourceTree = "<group>"; };
		FB2F4A961EF25D1300C9D835 /* UIImage+ColorArt.h */ = {isa = PBXFileReference; fileEncoding = 4; lastKnownFileType = sourcecode.c.h; path = "UIImage+ColorArt.h"; sourceTree = "<group>"; };
		FB2F4A971EF25D1300C9D835 /* UIImage+ColorArt.m */ = {isa = PBXFileReference; fileEncoding = 4; lastKnownFileType = sourcecode.c.objc; path = "UIImage+ColorArt.m"; sourceTree = "<group>"; };
		FB2F4A981EF25D1300C9D835 /* UIImage+Scale.h */ = {isa = PBXFileReference; fileEncoding = 4; lastKnownFileType = sourcecode.c.h; path = "UIImage+Scale.h"; sourceTree = "<group>"; };
		FB2F4A991EF25D1300C9D835 /* UIImage+Scale.m */ = {isa = PBXFileReference; fileEncoding = 4; lastKnownFileType = sourcecode.c.objc; path = "UIImage+Scale.m"; sourceTree = "<group>"; };
		FBFB895A1EF2764700F7F445 /* BroadcastViewController.swift */ = {isa = PBXFileReference; lastKnownFileType = sourcecode.swift; path = BroadcastViewController.swift; sourceTree = "<group>"; };
		FBFB895C1EF2829B00F7F445 /* ReceiverViewController.swift */ = {isa = PBXFileReference; lastKnownFileType = sourcecode.swift; path = ReceiverViewController.swift; sourceTree = "<group>"; };
		FBFB895E1EF2879A00F7F445 /* WaitingViewController.swift */ = {isa = PBXFileReference; lastKnownFileType = sourcecode.swift; path = WaitingViewController.swift; sourceTree = "<group>"; };
		FBFB89871EF28B7F00F7F445 /* Synaction.h */ = {isa = PBXFileReference; lastKnownFileType = sourcecode.c.h; path = Synaction.h; sourceTree = "<group>"; };
		FBFB89881EF28B7F00F7F445 /* Synaction.m */ = {isa = PBXFileReference; lastKnownFileType = sourcecode.c.objc; path = Synaction.m; sourceTree = "<group>"; };
		FBFB898A1EF28B7F00F7F445 /* ConnectivityManager.h */ = {isa = PBXFileReference; lastKnownFileType = sourcecode.c.h; path = ConnectivityManager.h; sourceTree = "<group>"; };
		FBFB898B1EF28B7F00F7F445 /* ConnectivityManager.m */ = {isa = PBXFileReference; lastKnownFileType = sourcecode.c.objc; path = ConnectivityManager.m; sourceTree = "<group>"; };
		FBFB898C1EF28B7F00F7F445 /* GCDAsyncSocket.h */ = {isa = PBXFileReference; lastKnownFileType = sourcecode.c.h; path = GCDAsyncSocket.h; sourceTree = "<group>"; };
		FBFB898D1EF28B7F00F7F445 /* GCDAsyncSocket.m */ = {isa = PBXFileReference; lastKnownFileType = sourcecode.c.objc; path = GCDAsyncSocket.m; sourceTree = "<group>"; };
		FBFB898E1EF28B7F00F7F445 /* Packet.h */ = {isa = PBXFileReference; lastKnownFileType = sourcecode.c.h; path = Packet.h; sourceTree = "<group>"; };
		FBFB898F1EF28B7F00F7F445 /* Packet.m */ = {isa = PBXFileReference; lastKnownFileType = sourcecode.c.objc; path = Packet.m; sourceTree = "<group>"; };
		FBFB89901EF28E5A00F7F445 /* Airly-Bridging-Header.h */ = {isa = PBXFileReference; lastKnownFileType = sourcecode.c.h; path = "Airly-Bridging-Header.h"; sourceTree = "<group>"; };
/* End PBXFileReference section */

/* Begin PBXFrameworksBuildPhase section */
		FB2F4A7B1EF25CBA00C9D835 /* Frameworks */ = {
			isa = PBXFrameworksBuildPhase;
			buildActionMask = 2147483647;
			files = (
			);
			runOnlyForDeploymentPostprocessing = 0;
		};
/* End PBXFrameworksBuildPhase section */

/* Begin PBXGroup section */
		FB2F4A751EF25CBA00C9D835 = {
			isa = PBXGroup;
			children = (
				FB2F4A801EF25CBA00C9D835 /* Airly */,
				FB2F4A7F1EF25CBA00C9D835 /* Products */,
			);
			sourceTree = "<group>";
		};
		FB2F4A7F1EF25CBA00C9D835 /* Products */ = {
			isa = PBXGroup;
			children = (
				FB2F4A7E1EF25CBA00C9D835 /* Airly.app */,
			);
			name = Products;
			sourceTree = "<group>";
		};
		FB2F4A801EF25CBA00C9D835 /* Airly */ = {
			isa = PBXGroup;
			children = (
				FBFB89901EF28E5A00F7F445 /* Airly-Bridging-Header.h */,
				FBFB89911EF28EB400F7F445 /* Swift Classes */,
				FBFB89931EF28F1900F7F445 /* Objective-C Classes */,
				FBFB89941EF28F2A00F7F445 /* Assets */,
				FB2F4A8D1EF25CBA00C9D835 /* Info.plist */,
			);
			path = Airly;
			sourceTree = "<group>";
		};
		FB2F4A931EF25D1300C9D835 /* SLColorArt */ = {
			isa = PBXGroup;
			children = (
				FB2F4A941EF25D1300C9D835 /* SLColorArt.h */,
				FB2F4A951EF25D1300C9D835 /* SLColorArt.m */,
				FB2F4A961EF25D1300C9D835 /* UIImage+ColorArt.h */,
				FB2F4A971EF25D1300C9D835 /* UIImage+ColorArt.m */,
				FB2F4A981EF25D1300C9D835 /* UIImage+Scale.h */,
				FB2F4A991EF25D1300C9D835 /* UIImage+Scale.m */,
			);
			path = SLColorArt;
			sourceTree = "<group>";
		};
		FBFB89861EF28B7F00F7F445 /* Synaction */ = {
			isa = PBXGroup;
			children = (
				FBFB89871EF28B7F00F7F445 /* Synaction.h */,
				FBFB89881EF28B7F00F7F445 /* Synaction.m */,
			);
			path = Synaction;
			sourceTree = "<group>";
		};
		FBFB89891EF28B7F00F7F445 /* Connectivity Manager */ = {
			isa = PBXGroup;
			children = (
				FBFB898A1EF28B7F00F7F445 /* ConnectivityManager.h */,
				FBFB898B1EF28B7F00F7F445 /* ConnectivityManager.m */,
				FBFB898C1EF28B7F00F7F445 /* GCDAsyncSocket.h */,
				FBFB898D1EF28B7F00F7F445 /* GCDAsyncSocket.m */,
				FBFB898E1EF28B7F00F7F445 /* Packet.h */,
				FBFB898F1EF28B7F00F7F445 /* Packet.m */,
			);
			path = "Connectivity Manager";
			sourceTree = "<group>";
		};
		FBFB89911EF28EB400F7F445 /* Swift Classes */ = {
			isa = PBXGroup;
			children = (
				FB2F4A811EF25CBA00C9D835 /* AppDelegate.swift */,
				FBFB89921EF28EC300F7F445 /* View Controllers */,
			);
			path = "Swift Classes";
			sourceTree = "<group>";
		};
		FBFB89921EF28EC300F7F445 /* View Controllers */ = {
			isa = PBXGroup;
			children = (
				FB2F4A831EF25CBA00C9D835 /* ViewController.swift */,
				FBFB895A1EF2764700F7F445 /* BroadcastViewController.swift */,
				FBFB895C1EF2829B00F7F445 /* ReceiverViewController.swift */,
				FBFB895E1EF2879A00F7F445 /* WaitingViewController.swift */,
			);
			path = "View Controllers";
			sourceTree = "<group>";
		};
		FBFB89931EF28F1900F7F445 /* Objective-C Classes */ = {
			isa = PBXGroup;
			children = (
				FBFB89891EF28B7F00F7F445 /* Connectivity Manager */,
				FBFB89861EF28B7F00F7F445 /* Synaction */,
				FB2F4A931EF25D1300C9D835 /* SLColorArt */,
			);
			path = "Objective-C Classes";
			sourceTree = "<group>";
		};
		FBFB89941EF28F2A00F7F445 /* Assets */ = {
			isa = PBXGroup;
			children = (
				FB2F4A851EF25CBA00C9D835 /* Main.storyboard */,
				FB2F4A881EF25CBA00C9D835 /* Assets.xcassets */,
				FB2F4A8A1EF25CBA00C9D835 /* LaunchScreen.storyboard */,
			);
			path = Assets;
			sourceTree = "<group>";
		};
/* End PBXGroup section */

/* Begin PBXNativeTarget section */
		FB2F4A7D1EF25CBA00C9D835 /* Airly */ = {
			isa = PBXNativeTarget;
			buildConfigurationList = FB2F4A901EF25CBA00C9D835 /* Build configuration list for PBXNativeTarget "Airly" */;
			buildPhases = (
				FB2F4A7A1EF25CBA00C9D835 /* Sources */,
				FB2F4A7B1EF25CBA00C9D835 /* Frameworks */,
				FB2F4A7C1EF25CBA00C9D835 /* Resources */,
			);
			buildRules = (
			);
			dependencies = (
			);
			name = Airly;
			productName = Airly;
			productReference = FB2F4A7E1EF25CBA00C9D835 /* Airly.app */;
			productType = "com.apple.product-type.application";
		};
/* End PBXNativeTarget section */

/* Begin PBXProject section */
		FB2F4A761EF25CBA00C9D835 /* Project object */ = {
			isa = PBXProject;
			attributes = {
				LastSwiftUpdateCheck = 0830;
				LastUpgradeCheck = 0900;
				ORGANIZATIONNAME = "Georges Kanaan";
				TargetAttributes = {
					FB2F4A7D1EF25CBA00C9D835 = {
						CreatedOnToolsVersion = 8.3.3;
						DevelopmentTeam = X427N69BRP;
						LastSwiftMigration = 0900;
						ProvisioningStyle = Automatic;
					};
				};
			};
			buildConfigurationList = FB2F4A791EF25CBA00C9D835 /* Build configuration list for PBXProject "Airly" */;
			compatibilityVersion = "Xcode 3.2";
			developmentRegion = English;
			hasScannedForEncodings = 0;
			knownRegions = (
				en,
				Base,
			);
			mainGroup = FB2F4A751EF25CBA00C9D835;
			productRefGroup = FB2F4A7F1EF25CBA00C9D835 /* Products */;
			projectDirPath = "";
			projectRoot = "";
			targets = (
				FB2F4A7D1EF25CBA00C9D835 /* Airly */,
			);
		};
/* End PBXProject section */

/* Begin PBXResourcesBuildPhase section */
		FB2F4A7C1EF25CBA00C9D835 /* Resources */ = {
			isa = PBXResourcesBuildPhase;
			buildActionMask = 2147483647;
			files = (
				FB2F4A8C1EF25CBA00C9D835 /* LaunchScreen.storyboard in Resources */,
				FB2F4A891EF25CBA00C9D835 /* Assets.xcassets in Resources */,
				FB2F4A871EF25CBA00C9D835 /* Main.storyboard in Resources */,
			);
			runOnlyForDeploymentPostprocessing = 0;
		};
/* End PBXResourcesBuildPhase section */

/* Begin PBXSourcesBuildPhase section */
		FB2F4A7A1EF25CBA00C9D835 /* Sources */ = {
			isa = PBXSourcesBuildPhase;
			buildActionMask = 2147483647;
			files = (
				FBFB895F1EF2879A00F7F445 /* WaitingViewController.swift in Sources */,
				FB2F4A841EF25CBA00C9D835 /* ViewController.swift in Sources */,
				FB2F4A9C1EF25D1300C9D835 /* UIImage+Scale.m in Sources */,
				FB2F4A821EF25CBA00C9D835 /* AppDelegate.swift in Sources */,
				FBFB895D1EF2829B00F7F445 /* ReceiverViewController.swift in Sources */,
				FB2F4A9A1EF25D1300C9D835 /* SLColorArt.m in Sources */,
				FBFB895B1EF2764700F7F445 /* BroadcastViewController.swift in Sources */,
				FB2F4A9B1EF25D1300C9D835 /* UIImage+ColorArt.m in Sources */,
			);
			runOnlyForDeploymentPostprocessing = 0;
		};
/* End PBXSourcesBuildPhase section */

/* Begin PBXVariantGroup section */
		FB2F4A851EF25CBA00C9D835 /* Main.storyboard */ = {
			isa = PBXVariantGroup;
			children = (
				FB2F4A861EF25CBA00C9D835 /* Base */,
			);
			name = Main.storyboard;
			path = ..;
			sourceTree = "<group>";
		};
		FB2F4A8A1EF25CBA00C9D835 /* LaunchScreen.storyboard */ = {
			isa = PBXVariantGroup;
			children = (
				FB2F4A8B1EF25CBA00C9D835 /* Base */,
			);
			name = LaunchScreen.storyboard;
			path = ..;
			sourceTree = "<group>";
		};
/* End PBXVariantGroup section */

/* Begin XCBuildConfiguration section */
		FB2F4A8E1EF25CBA00C9D835 /* Debug */ = {
			isa = XCBuildConfiguration;
			buildSettings = {
				ALWAYS_SEARCH_USER_PATHS = NO;
				CLANG_ANALYZER_NONNULL = YES;
				CLANG_ANALYZER_NUMBER_OBJECT_CONVERSION = YES_AGGRESSIVE;
				CLANG_CXX_LANGUAGE_STANDARD = "gnu++0x";
				CLANG_CXX_LIBRARY = "libc++";
				CLANG_ENABLE_MODULES = YES;
				CLANG_ENABLE_OBJC_ARC = YES;
				CLANG_WARN_BLOCK_CAPTURE_AUTORELEASING = YES;
				CLANG_WARN_BOOL_CONVERSION = YES;
				CLANG_WARN_COMMA = YES;
				CLANG_WARN_CONSTANT_CONVERSION = YES;
				CLANG_WARN_DIRECT_OBJC_ISA_USAGE = YES_ERROR;
				CLANG_WARN_DOCUMENTATION_COMMENTS = YES;
				CLANG_WARN_EMPTY_BODY = YES;
				CLANG_WARN_ENUM_CONVERSION = YES;
				CLANG_WARN_INFINITE_RECURSION = YES;
				CLANG_WARN_INT_CONVERSION = YES;
				CLANG_WARN_NON_LITERAL_NULL_CONVERSION = YES;
				CLANG_WARN_OBJC_LITERAL_CONVERSION = YES;
				CLANG_WARN_OBJC_ROOT_CLASS = YES_ERROR;
				CLANG_WARN_RANGE_LOOP_ANALYSIS = YES;
				CLANG_WARN_STRICT_PROTOTYPES = YES;
				CLANG_WARN_SUSPICIOUS_MOVE = YES;
				CLANG_WARN_UNREACHABLE_CODE = YES;
				CLANG_WARN__DUPLICATE_METHOD_MATCH = YES;
				"CODE_SIGN_IDENTITY[sdk=iphoneos*]" = "iPhone Developer";
				COPY_PHASE_STRIP = NO;
				DEBUG_INFORMATION_FORMAT = dwarf;
				ENABLE_STRICT_OBJC_MSGSEND = YES;
				ENABLE_TESTABILITY = YES;
				GCC_C_LANGUAGE_STANDARD = gnu99;
				GCC_DYNAMIC_NO_PIC = NO;
				GCC_NO_COMMON_BLOCKS = YES;
				GCC_OPTIMIZATION_LEVEL = 0;
				GCC_PREPROCESSOR_DEFINITIONS = (
					"DEBUG=1",
					"$(inherited)",
				);
				GCC_WARN_64_TO_32_BIT_CONVERSION = YES;
				GCC_WARN_ABOUT_RETURN_TYPE = YES_ERROR;
				GCC_WARN_UNDECLARED_SELECTOR = YES;
				GCC_WARN_UNINITIALIZED_AUTOS = YES_AGGRESSIVE;
				GCC_WARN_UNUSED_FUNCTION = YES;
				GCC_WARN_UNUSED_VARIABLE = YES;
				IPHONEOS_DEPLOYMENT_TARGET = 10.3;
				MTL_ENABLE_DEBUG_INFO = YES;
				ONLY_ACTIVE_ARCH = YES;
				SDKROOT = iphoneos;
				SWIFT_ACTIVE_COMPILATION_CONDITIONS = DEBUG;
				SWIFT_OPTIMIZATION_LEVEL = "-Onone";
				TARGETED_DEVICE_FAMILY = "1,2";
			};
			name = Debug;
		};
		FB2F4A8F1EF25CBA00C9D835 /* Release */ = {
			isa = XCBuildConfiguration;
			buildSettings = {
				ALWAYS_SEARCH_USER_PATHS = NO;
				CLANG_ANALYZER_NONNULL = YES;
				CLANG_ANALYZER_NUMBER_OBJECT_CONVERSION = YES_AGGRESSIVE;
				CLANG_CXX_LANGUAGE_STANDARD = "gnu++0x";
				CLANG_CXX_LIBRARY = "libc++";
				CLANG_ENABLE_MODULES = YES;
				CLANG_ENABLE_OBJC_ARC = YES;
				CLANG_WARN_BLOCK_CAPTURE_AUTORELEASING = YES;
				CLANG_WARN_BOOL_CONVERSION = YES;
				CLANG_WARN_COMMA = YES;
				CLANG_WARN_CONSTANT_CONVERSION = YES;
				CLANG_WARN_DIRECT_OBJC_ISA_USAGE = YES_ERROR;
				CLANG_WARN_DOCUMENTATION_COMMENTS = YES;
				CLANG_WARN_EMPTY_BODY = YES;
				CLANG_WARN_ENUM_CONVERSION = YES;
				CLANG_WARN_INFINITE_RECURSION = YES;
				CLANG_WARN_INT_CONVERSION = YES;
				CLANG_WARN_NON_LITERAL_NULL_CONVERSION = YES;
				CLANG_WARN_OBJC_LITERAL_CONVERSION = YES;
				CLANG_WARN_OBJC_ROOT_CLASS = YES_ERROR;
				CLANG_WARN_RANGE_LOOP_ANALYSIS = YES;
				CLANG_WARN_STRICT_PROTOTYPES = YES;
				CLANG_WARN_SUSPICIOUS_MOVE = YES;
				CLANG_WARN_UNREACHABLE_CODE = YES;
				CLANG_WARN__DUPLICATE_METHOD_MATCH = YES;
				"CODE_SIGN_IDENTITY[sdk=iphoneos*]" = "iPhone Developer";
				COPY_PHASE_STRIP = NO;
				DEBUG_INFORMATION_FORMAT = "dwarf-with-dsym";
				ENABLE_NS_ASSERTIONS = NO;
				ENABLE_STRICT_OBJC_MSGSEND = YES;
				GCC_C_LANGUAGE_STANDARD = gnu99;
				GCC_NO_COMMON_BLOCKS = YES;
				GCC_WARN_64_TO_32_BIT_CONVERSION = YES;
				GCC_WARN_ABOUT_RETURN_TYPE = YES_ERROR;
				GCC_WARN_UNDECLARED_SELECTOR = YES;
				GCC_WARN_UNINITIALIZED_AUTOS = YES_AGGRESSIVE;
				GCC_WARN_UNUSED_FUNCTION = YES;
				GCC_WARN_UNUSED_VARIABLE = YES;
				IPHONEOS_DEPLOYMENT_TARGET = 10.3;
				MTL_ENABLE_DEBUG_INFO = NO;
				SDKROOT = iphoneos;
				SWIFT_OPTIMIZATION_LEVEL = "-Owholemodule";
				TARGETED_DEVICE_FAMILY = "1,2";
				VALIDATE_PRODUCT = YES;
			};
			name = Release;
		};
		FB2F4A911EF25CBA00C9D835 /* Debug */ = {
			isa = XCBuildConfiguration;
			buildSettings = {
				ASSETCATALOG_COMPILER_APPICON_NAME = AppIcon;
				DEVELOPMENT_TEAM = X427N69BRP;
				INFOPLIST_FILE = Airly/Info.plist;
				IPHONEOS_DEPLOYMENT_TARGET = 10.0;
				LD_RUNPATH_SEARCH_PATHS = "$(inherited) @executable_path/Frameworks";
				PRODUCT_BUNDLE_IDENTIFIER = com.ge0rges.Airly;
				PRODUCT_NAME = "$(TARGET_NAME)";
				SWIFT_OBJC_BRIDGING_HEADER = "/Users/GeorgesKanaan/Documents/Development/iOS_Development/Apps/Airly/Airly/Airly-Bridging-Header.h";
				SWIFT_SWIFT3_OBJC_INFERENCE = On;
				SWIFT_VERSION = 4.0;
				TARGETED_DEVICE_FAMILY = 1;
			};
			name = Debug;
		};
		FB2F4A921EF25CBA00C9D835 /* Release */ = {
			isa = XCBuildConfiguration;
			buildSettings = {
				ASSETCATALOG_COMPILER_APPICON_NAME = AppIcon;
				DEVELOPMENT_TEAM = X427N69BRP;
				INFOPLIST_FILE = Airly/Info.plist;
				IPHONEOS_DEPLOYMENT_TARGET = 10.0;
				LD_RUNPATH_SEARCH_PATHS = "$(inherited) @executable_path/Frameworks";
				PRODUCT_BUNDLE_IDENTIFIER = com.ge0rges.Airly;
				PRODUCT_NAME = "$(TARGET_NAME)";
				SWIFT_OBJC_BRIDGING_HEADER = "/Users/GeorgesKanaan/Documents/Development/iOS_Development/Apps/Airly/Airly/Airly-Bridging-Header.h";
				SWIFT_SWIFT3_OBJC_INFERENCE = On;
				SWIFT_VERSION = 4.0;
				TARGETED_DEVICE_FAMILY = 1;
			};
			name = Release;
		};
/* End XCBuildConfiguration section */

/* Begin XCConfigurationList section */
		FB2F4A791EF25CBA00C9D835 /* Build configuration list for PBXProject "Airly" */ = {
			isa = XCConfigurationList;
			buildConfigurations = (
				FB2F4A8E1EF25CBA00C9D835 /* Debug */,
				FB2F4A8F1EF25CBA00C9D835 /* Release */,
			);
			defaultConfigurationIsVisible = 0;
			defaultConfigurationName = Release;
		};
		FB2F4A901EF25CBA00C9D835 /* Build configuration list for PBXNativeTarget "Airly" */ = {
			isa = XCConfigurationList;
			buildConfigurations = (
				FB2F4A911EF25CBA00C9D835 /* Debug */,
				FB2F4A921EF25CBA00C9D835 /* Release */,
			);
			defaultConfigurationIsVisible = 0;
			defaultConfigurationName = Release;
		};
/* End XCConfigurationList section */
	};
	rootObject = FB2F4A761EF25CBA00C9D835 /* Project object */;
}
